// !$*UTF8*$!
{
	archiveVersion = 1;
	classes = {
	};
	objectVersion = 46;
	objects = {

/* Begin PBXBuildFile section */
		6FBEEBEF1B9BDFF400D5D258 /* main.m in Sources */ = {isa = PBXBuildFile; fileRef = 6FBEEBEE1B9BDFF400D5D258 /* main.m */; };
		6FBEEBF21B9BDFF400D5D258 /* AppDelegate.m in Sources */ = {isa = PBXBuildFile; fileRef = 6FBEEBF11B9BDFF400D5D258 /* AppDelegate.m */; };
		6FBEEBF51B9BDFF400D5D258 /* ViewController.m in Sources */ = {isa = PBXBuildFile; fileRef = 6FBEEBF41B9BDFF400D5D258 /* ViewController.m */; };
		6FBEEBF81B9BDFF400D5D258 /* Main.storyboard in Resources */ = {isa = PBXBuildFile; fileRef = 6FBEEBF61B9BDFF400D5D258 /* Main.storyboard */; };
		6FBEEBFA1B9BDFF400D5D258 /* Images.xcassets in Resources */ = {isa = PBXBuildFile; fileRef = 6FBEEBF91B9BDFF400D5D258 /* Images.xcassets */; };
		6FBEEBFD1B9BDFF400D5D258 /* LaunchScreen.xib in Resources */ = {isa = PBXBuildFile; fileRef = 6FBEEBFB1B9BDFF400D5D258 /* LaunchScreen.xib */; };
		6FBEEC091B9BDFF500D5D258 /* Mobile_Medical_TreatmentTests.m in Sources */ = {isa = PBXBuildFile; fileRef = 6FBEEC081B9BDFF500D5D258 /* Mobile_Medical_TreatmentTests.m */; };
/* End PBXBuildFile section */

/* Begin PBXContainerItemProxy section */
		6FBEEC031B9BDFF400D5D258 /* PBXContainerItemProxy */ = {
			isa = PBXContainerItemProxy;
			containerPortal = 6FBEEBE11B9BDFF400D5D258 /* Project object */;
			proxyType = 1;
			remoteGlobalIDString = 6FBEEBE81B9BDFF400D5D258;
			remoteInfo = "Mobile Medical Treatment";
		};
/* End PBXContainerItemProxy section */

/* Begin PBXFileReference section */
		6FBEEBE91B9BDFF400D5D258 /* Mobile Medical Treatment.app */ = {isa = PBXFileReference; explicitFileType = wrapper.application; includeInIndex = 0; path = "Mobile Medical Treatment.app"; sourceTree = BUILT_PRODUCTS_DIR; };
		6FBEEBED1B9BDFF400D5D258 /* Info.plist */ = {isa = PBXFileReference; lastKnownFileType = text.plist.xml; path = Info.plist; sourceTree = "<group>"; };
		6FBEEBEE1B9BDFF400D5D258 /* main.m */ = {isa = PBXFileReference; lastKnownFileType = sourcecode.c.objc; path = main.m; sourceTree = "<group>"; };
		6FBEEBF01B9BDFF400D5D258 /* AppDelegate.h */ = {isa = PBXFileReference; lastKnownFileType = sourcecode.c.h; path = AppDelegate.h; sourceTree = "<group>"; };
		6FBEEBF11B9BDFF400D5D258 /* AppDelegate.m */ = {isa = PBXFileReference; lastKnownFileType = sourcecode.c.objc; path = AppDelegate.m; sourceTree = "<group>"; };
		6FBEEBF31B9BDFF400D5D258 /* ViewController.h */ = {isa = PBXFileReference; lastKnownFileType = sourcecode.c.h; path = ViewController.h; sourceTree = "<group>"; };
		6FBEEBF41B9BDFF400D5D258 /* ViewController.m */ = {isa = PBXFileReference; lastKnownFileType = sourcecode.c.objc; path = ViewController.m; sourceTree = "<group>"; };
		6FBEEBF71B9BDFF400D5D258 /* Base */ = {isa = PBXFileReference; lastKnownFileType = file.storyboard; name = Base; path = Base.lproj/Main.storyboard; sourceTree = "<group>"; };
		6FBEEBF91B9BDFF400D5D258 /* Images.xcassets */ = {isa = PBXFileReference; lastKnownFileType = folder.assetcatalog; path = Images.xcassets; sourceTree = "<group>"; };
		6FBEEBFC1B9BDFF400D5D258 /* Base */ = {isa = PBXFileReference; lastKnownFileType = file.xib; name = Base; path = Base.lproj/LaunchScreen.xib; sourceTree = "<group>"; };
		6FBEEC021B9BDFF400D5D258 /* Mobile Medical TreatmentTests.xctest */ = {isa = PBXFileReference; explicitFileType = wrapper.cfbundle; includeInIndex = 0; path = "Mobile Medical TreatmentTests.xctest"; sourceTree = BUILT_PRODUCTS_DIR; };
		6FBEEC071B9BDFF500D5D258 /* Info.plist */ = {isa = PBXFileReference; lastKnownFileType = text.plist.xml; path = Info.plist; sourceTree = "<group>"; };
		6FBEEC081B9BDFF500D5D258 /* Mobile_Medical_TreatmentTests.m */ = {isa = PBXFileReference; lastKnownFileType = sourcecode.c.objc; path = Mobile_Medical_TreatmentTests.m; sourceTree = "<group>"; };
/* End PBXFileReference section */

/* Begin PBXFrameworksBuildPhase section */
		6FBEEBE61B9BDFF400D5D258 /* Frameworks */ = {
			isa = PBXFrameworksBuildPhase;
			buildActionMask = 2147483647;
			files = (
			);
			runOnlyForDeploymentPostprocessing = 0;
		};
		6FBEEBFF1B9BDFF400D5D258 /* Frameworks */ = {
			isa = PBXFrameworksBuildPhase;
			buildActionMask = 2147483647;
			files = (
			);
			runOnlyForDeploymentPostprocessing = 0;
		};
/* End PBXFrameworksBuildPhase section */

/* Begin PBXGroup section */
		6FBEEBE01B9BDFF400D5D258 = {
			isa = PBXGroup;
			children = (
				6FBEEBEB1B9BDFF400D5D258 /* Mobile Medical Treatment */,
				6FBEEC051B9BDFF500D5D258 /* Mobile Medical TreatmentTests */,
				6FBEEBEA1B9BDFF400D5D258 /* Products */,
			);
			sourceTree = "<group>";
		};
		6FBEEBEA1B9BDFF400D5D258 /* Products */ = {
			isa = PBXGroup;
			children = (
				6FBEEBE91B9BDFF400D5D258 /* Mobile Medical Treatment.app */,
				6FBEEC021B9BDFF400D5D258 /* Mobile Medical TreatmentTests.xctest */,
			);
			name = Products;
			sourceTree = "<group>";
		};
		6FBEEBEB1B9BDFF400D5D258 /* Mobile Medical Treatment */ = {
			isa = PBXGroup;
			children = (
				6FBEEBF01B9BDFF400D5D258 /* AppDelegate.h */,
				6FBEEBF11B9BDFF400D5D258 /* AppDelegate.m */,
				6FBEEBF31B9BDFF400D5D258 /* ViewController.h */,
				6FBEEBF41B9BDFF400D5D258 /* ViewController.m */,
				6FBEEBF61B9BDFF400D5D258 /* Main.storyboard */,
				6FBEEBF91B9BDFF400D5D258 /* Images.xcassets */,
				6FBEEBFB1B9BDFF400D5D258 /* LaunchScreen.xib */,
				6FBEEBEC1B9BDFF400D5D258 /* Supporting Files */,
			);
			path = "Mobile Medical Treatment";
			sourceTree = "<group>";
		};
		6FBEEBEC1B9BDFF400D5D258 /* Supporting Files */ = {
			isa = PBXGroup;
			children = (
				6FBEEBED1B9BDFF400D5D258 /* Info.plist */,
				6FBEEBEE1B9BDFF400D5D258 /* main.m */,
			);
			name = "Supporting Files";
			sourceTree = "<group>";
		};
		6FBEEC051B9BDFF500D5D258 /* Mobile Medical TreatmentTests */ = {
			isa = PBXGroup;
			children = (
				6FBEEC081B9BDFF500D5D258 /* Mobile_Medical_TreatmentTests.m */,
				6FBEEC061B9BDFF500D5D258 /* Supporting Files */,
			);
			path = "Mobile Medical TreatmentTests";
			sourceTree = "<group>";
		};
		6FBEEC061B9BDFF500D5D258 /* Supporting Files */ = {
			isa = PBXGroup;
			children = (
				6FBEEC071B9BDFF500D5D258 /* Info.plist */,
			);
			name = "Supporting Files";
			sourceTree = "<group>";
		};
/* End PBXGroup section */

/* Begin PBXNativeTarget section */
		6FBEEBE81B9BDFF400D5D258 /* Mobile Medical Treatment */ = {
			isa = PBXNativeTarget;
			buildConfigurationList = 6FBEEC0C1B9BDFF500D5D258 /* Build configuration list for PBXNativeTarget "Mobile Medical Treatment" */;
			buildPhases = (
				6FBEEBE51B9BDFF400D5D258 /* Sources */,
				6FBEEBE61B9BDFF400D5D258 /* Frameworks */,
				6FBEEBE71B9BDFF400D5D258 /* Resources */,
			);
			buildRules = (
			);
			dependencies = (
			);
			name = "Mobile Medical Treatment";
			productName = "Mobile Medical Treatment";
			productReference = 6FBEEBE91B9BDFF400D5D258 /* Mobile Medical Treatment.app */;
			productType = "com.apple.product-type.application";
		};
		6FBEEC011B9BDFF400D5D258 /* Mobile Medical TreatmentTests */ = {
			isa = PBXNativeTarget;
			buildConfigurationList = 6FBEEC0F1B9BDFF500D5D258 /* Build configuration list for PBXNativeTarget "Mobile Medical TreatmentTests" */;
			buildPhases = (
				6FBEEBFE1B9BDFF400D5D258 /* Sources */,
				6FBEEBFF1B9BDFF400D5D258 /* Frameworks */,
				6FBEEC001B9BDFF400D5D258 /* Resources */,
			);
			buildRules = (
			);
			dependencies = (
				6FBEEC041B9BDFF400D5D258 /* PBXTargetDependency */,
			);
			name = "Mobile Medical TreatmentTests";
			productName = "Mobile Medical TreatmentTests";
			productReference = 6FBEEC021B9BDFF400D5D258 /* Mobile Medical TreatmentTests.xctest */;
			productType = "com.apple.product-type.bundle.unit-test";
		};
/* End PBXNativeTarget section */

/* Begin PBXProject section */
		6FBEEBE11B9BDFF400D5D258 /* Project object */ = {
			isa = PBXProject;
			attributes = {
				LastUpgradeCheck = 0640;
				ORGANIZATIONNAME = appel;
				TargetAttributes = {
					6FBEEBE81B9BDFF400D5D258 = {
						CreatedOnToolsVersion = 6.4;
					};
					6FBEEC011B9BDFF400D5D258 = {
						CreatedOnToolsVersion = 6.4;
						TestTargetID = 6FBEEBE81B9BDFF400D5D258;
					};
				};
			};
			buildConfigurationList = 6FBEEBE41B9BDFF400D5D258 /* Build configuration list for PBXProject "Mobile Medical Treatment" */;
			compatibilityVersion = "Xcode 3.2";
			developmentRegion = English;
			hasScannedForEncodings = 0;
			knownRegions = (
				en,
				Base,
			);
			mainGroup = 6FBEEBE01B9BDFF400D5D258;
			productRefGroup = 6FBEEBEA1B9BDFF400D5D258 /* Products */;
			projectDirPath = "";
			projectRoot = "";
			targets = (
				6FBEEBE81B9BDFF400D5D258 /* Mobile Medical Treatment */,
				6FBEEC011B9BDFF400D5D258 /* Mobile Medical TreatmentTests */,
			);
		};
/* End PBXProject section */

/* Begin PBXResourcesBuildPhase section */
		6FBEEBE71B9BDFF400D5D258 /* Resources */ = {
			isa = PBXResourcesBuildPhase;
			buildActionMask = 2147483647;
			files = (
				6FBEEBF81B9BDFF400D5D258 /* Main.storyboard in Resources */,
				6FBEEBFD1B9BDFF400D5D258 /* LaunchScreen.xib in Resources */,
				6FBEEBFA1B9BDFF400D5D258 /* Images.xcassets in Resources */,
			);
			runOnlyForDeploymentPostprocessing = 0;
		};
		6FBEEC001B9BDFF400D5D258 /* Resources */ = {
			isa = PBXResourcesBuildPhase;
			buildActionMask = 2147483647;
			files = (
			);
			runOnlyForDeploymentPostprocessing = 0;
		};
/* End PBXResourcesBuildPhase section */

/* Begin PBXSourcesBuildPhase section */
		6FBEEBE51B9BDFF400D5D258 /* Sources */ = {
			isa = PBXSourcesBuildPhase;
			buildActionMask = 2147483647;
			files = (
				6FBEEBF51B9BDFF400D5D258 /* ViewController.m in Sources */,
				6FBEEBF21B9BDFF400D5D258 /* AppDelegate.m in Sources */,
				6FBEEBEF1B9BDFF400D5D258 /* main.m in Sources */,
			);
			runOnlyForDeploymentPostprocessing = 0;
		};
		6FBEEBFE1B9BDFF400D5D258 /* Sources */ = {
			isa = PBXSourcesBuildPhase;
			buildActionMask = 2147483647;
			files = (
				6FBEEC091B9BDFF500D5D258 /* Mobile_Medical_TreatmentTests.m in Sources */,
			);
			runOnlyForDeploymentPostprocessing = 0;
		};
/* End PBXSourcesBuildPhase section */

/* Begin PBXTargetDependency section */
		6FBEEC041B9BDFF400D5D258 /* PBXTargetDependency */ = {
			isa = PBXTargetDependency;
			target = 6FBEEBE81B9BDFF400D5D258 /* Mobile Medical Treatment */;
			targetProxy = 6FBEEC031B9BDFF400D5D258 /* PBXContainerItemProxy */;
		};
/* End PBXTargetDependency section */

/* Begin PBXVariantGroup section */
		6FBEEBF61B9BDFF400D5D258 /* Main.storyboard */ = {
			isa = PBXVariantGroup;
			children = (
				6FBEEBF71B9BDFF400D5D258 /* Base */,
			);
			name = Main.storyboard;
			sourceTree = "<group>";
		};
		6FBEEBFB1B9BDFF400D5D258 /* LaunchScreen.xib */ = {
			isa = PBXVariantGroup;
			children = (
				6FBEEBFC1B9BDFF400D5D258 /* Base */,
			);
			name = LaunchScreen.xib;
			sourceTree = "<group>";
		};
/* End PBXVariantGroup section */

/* Begin XCBuildConfiguration section */
		6FBEEC0A1B9BDFF500D5D258 /* Debug */ = {
			isa = XCBuildConfiguration;
			buildSettings = {
				ALWAYS_SEARCH_USER_PATHS = NO;
				CLANG_CXX_LANGUAGE_STANDARD = "gnu++0x";
				CLANG_CXX_LIBRARY = "libc++";
				CLANG_ENABLE_MODULES = YES;
				CLANG_ENABLE_OBJC_ARC = YES;
				CLANG_WARN_BOOL_CONVERSION = YES;
				CLANG_WARN_CONSTANT_CONVERSION = YES;
				CLANG_WARN_DIRECT_OBJC_ISA_USAGE = YES_ERROR;
				CLANG_WARN_EMPTY_BODY = YES;
				CLANG_WARN_ENUM_CONVERSION = YES;
				CLANG_WARN_INT_CONVERSION = YES;
				CLANG_WARN_OBJC_ROOT_CLASS = YES_ERROR;
				CLANG_WARN_UNREACHABLE_CODE = YES;
				CLANG_WARN__DUPLICATE_METHOD_MATCH = YES;
				"CODE_SIGN_IDENTITY[sdk=iphoneos*]" = "iPhone Developer";
				COPY_PHASE_STRIP = NO;
				DEBUG_INFORMATION_FORMAT = "dwarf-with-dsym";
				ENABLE_STRICT_OBJC_MSGSEND = YES;
				GCC_C_LANGUAGE_STANDARD = gnu99;
				GCC_DYNAMIC_NO_PIC = NO;
				GCC_NO_COMMON_BLOCKS = YES;
				GCC_OPTIMIZATION_LEVEL = 0;
				GCC_PREPROCESSOR_DEFINITIONS = (
					"DEBUG=1",
					"$(inherited)",
				);
				GCC_SYMBOLS_PRIVATE_EXTERN = NO;
				GCC_WARN_64_TO_32_BIT_CONVERSION = YES;
				GCC_WARN_ABOUT_RETURN_TYPE = YES_ERROR;
				GCC_WARN_UNDECLARED_SELECTOR = YES;
				GCC_WARN_UNINITIALIZED_AUTOS = YES_AGGRESSIVE;
				GCC_WARN_UNUSED_FUNCTION = YES;
				GCC_WARN_UNUSED_VARIABLE = YES;
				IPHONEOS_DEPLOYMENT_TARGET = 8.4;
				MTL_ENABLE_DEBUG_INFO = YES;
				ONLY_ACTIVE_ARCH = YES;
				SDKROOT = iphoneos;
				TARGETED_DEVICE_FAMILY = "1,2";
			};
			name = Debug;
		};
		6FBEEC0B1B9BDFF500D5D258 /* Release */ = {
			isa = XCBuildConfiguration;
			buildSettings = {
				ALWAYS_SEARCH_USER_PATHS = NO;
				CLANG_CXX_LANGUAGE_STANDARD = "gnu++0x";
				CLANG_CXX_LIBRARY = "libc++";
				CLANG_ENABLE_MODULES = YES;
				CLANG_ENABLE_OBJC_ARC = YES;
				CLANG_WARN_BOOL_CONVERSION = YES;
				CLANG_WARN_CONSTANT_CONVERSION = YES;
				CLANG_WARN_DIRECT_OBJC_ISA_USAGE = YES_ERROR;
				CLANG_WARN_EMPTY_BODY = YES;
				CLANG_WARN_ENUM_CONVERSION = YES;
				CLANG_WARN_INT_CONVERSION = YES;
				CLANG_WARN_OBJC_ROOT_CLASS = YES_ERROR;
				CLANG_WARN_UNREACHABLE_CODE = YES;
				CLANG_WARN__DUPLICATE_METHOD_MATCH = YES;
				"CODE_SIGN_IDENTITY[sdk=iphoneos*]" = "iPhone Developer";
				COPY_PHASE_STRIP = NO;
				DEBUG_INFORMATION_FORMAT = "dwarf-with-dsym";
				ENABLE_NS_ASSERTIONS = NO;
				ENABLE_STRICT_OBJC_MSGSEND = YES;
				GCC_C_LANGUAGE_STANDARD = gnu99;
				GCC_NO_COMMON_BLOCKS = YES;
				GCC_WARN_64_TO_32_BIT_CONVERSION = YES;
				GCC_WARN_ABOUT_RETURN_TYPE = YES_ERROR;
				GCC_WARN_UNDECLARED_SELECTOR = YES;
				GCC_WARN_UNINITIALIZED_AUTOS = YES_AGGRESSIVE;
				GCC_WARN_UNUSED_FUNCTION = YES;
				GCC_WARN_UNUSED_VARIABLE = YES;
				IPHONEOS_DEPLOYMENT_TARGET = 8.4;
				MTL_ENABLE_DEBUG_INFO = NO;
				SDKROOT = iphoneos;
				TARGETED_DEVICE_FAMILY = "1,2";
				VALIDATE_PRODUCT = YES;
			};
			name = Release;
		};
		6FBEEC0D1B9BDFF500D5D258 /* Debug */ = {
			isa = XCBuildConfiguration;
			buildSettings = {
				ASSETCATALOG_COMPILER_APPICON_NAME = AppIcon;
				INFOPLIST_FILE = "Mobile Medical Treatment/Info.plist";
				LD_RUNPATH_SEARCH_PATHS = "$(inherited) @executable_path/Frameworks";
				PRODUCT_NAME = "$(TARGET_NAME)";
			};
			name = Debug;
		};
		6FBEEC0E1B9BDFF500D5D258 /* Release */ = {
			isa = XCBuildConfiguration;
			buildSettings = {
				ASSETCATALOG_COMPILER_APPICON_NAME = AppIcon;
				INFOPLIST_FILE = "Mobile Medical Treatment/Info.plist";
				LD_RUNPATH_SEARCH_PATHS = "$(inherited) @executable_path/Frameworks";
				PRODUCT_NAME = "$(TARGET_NAME)";
			};
			name = Release;
		};
		6FBEEC101B9BDFF500D5D258 /* Debug */ = {
			isa = XCBuildConfiguration;
			buildSettings = {
				BUNDLE_LOADER = "$(TEST_HOST)";
				FRAMEWORK_SEARCH_PATHS = (
					"$(SDKROOT)/Developer/Library/Frameworks",
					"$(inherited)",
				);
				GCC_PREPROCESSOR_DEFINITIONS = (
					"DEBUG=1",
					"$(inherited)",
				);
				INFOPLIST_FILE = "Mobile Medical TreatmentTests/Info.plist";
				LD_RUNPATH_SEARCH_PATHS = "$(inherited) @executable_path/Frameworks @loader_path/Frameworks";
				PRODUCT_NAME = "$(TARGET_NAME)";
				TEST_HOST = "$(BUILT_PRODUCTS_DIR)/Mobile Medical Treatment.app/Mobile Medical Treatment";
			};
			name = Debug;
		};
		6FBEEC111B9BDFF500D5D258 /* Release */ = {
			isa = XCBuildConfiguration;
			buildSettings = {
				BUNDLE_LOADER = "$(TEST_HOST)";
				FRAMEWORK_SEARCH_PATHS = (
					"$(SDKROOT)/Developer/Library/Frameworks",
					"$(inherited)",
				);
				INFOPLIST_FILE = "Mobile Medical TreatmentTests/Info.plist";
				LD_RUNPATH_SEARCH_PATHS = "$(inherited) @executable_path/Frameworks @loader_path/Frameworks";
				PRODUCT_NAME = "$(TARGET_NAME)";
				TEST_HOST = "$(BUILT_PRODUCTS_DIR)/Mobile Medical Treatment.app/Mobile Medical Treatment";
			};
			name = Release;
		};
/* End XCBuildConfiguration section */

/* Begin XCConfigurationList section */
		6FBEEBE41B9BDFF400D5D258 /* Build configuration list for PBXProject "Mobile Medical Treatment" */ = {
			isa = XCConfigurationList;
			buildConfigurations = (
				6FBEEC0A1B9BDFF500D5D258 /* Debug */,
				6FBEEC0B1B9BDFF500D5D258 /* Release */,
			);
			defaultConfigurationIsVisible = 0;
			defaultConfigurationName = Release;
		};
		6FBEEC0C1B9BDFF500D5D258 /* Build configuration list for PBXNativeTarget "Mobile Medical Treatment" */ = {
			isa = XCConfigurationList;
			buildConfigurations = (
				6FBEEC0D1B9BDFF500D5D258 /* Debug */,
				6FBEEC0E1B9BDFF500D5D258 /* Release */,
			);
			defaultConfigurationIsVisible = 0;
		};
		6FBEEC0F1B9BDFF500D5D258 /* Build configuration list for PBXNativeTarget "Mobile Medical TreatmentTests" */ = {
			isa = XCConfigurationList;
			buildConfigurations = (
				6FBEEC101B9BDFF500D5D258 /* Debug */,
				6FBEEC111B9BDFF500D5D258 /* Release */,
			);
			defaultConfigurationIsVisible = 0;
		};
/* End XCConfigurationList section */
	};
	rootObject = 6FBEEBE11B9BDFF400D5D258 /* Project object */;
}
